{
  "version": 4,
  "terraform_version": "1.6.4",
  "serial": 1,
  "lineage": "b74590cd-4fa5-b5d7-937b-0f329f61240a",
  "outputs": {},
  "resources": [
    {
      "mode": "managed",
      "type": "azurerm_virtual_network",
      "name": "vnet",
      "provider": "provider[\"registry.terraform.io/hashicorp/azurerm\"]",
      "instances": [
        {
          "schema_version": 0,
          "attributes": {
            "address_space": [
              "10.0.0.0/16"
            ],
            "bgp_community": "",
            "ddos_protection_plan": [],
            "dns_servers": [],
            "edge_zone": "",
            "encryption": [],
            "flow_timeout_in_minutes": 0,
            "guid": "82962153-5263-446b-be84-fa6b76e4c7f5",
            "id": "/subscriptions/f01c6899-bd3a-482f-b11b-94e6500c82e7/resourceGroups/DemoRG-1/providers/Microsoft.Network/virtualNetworks/vnet-1",
            "location": "centralus",
            "name": "vnet-1",
            "resource_group_name": "DemoRG-1",
            "subnet": [
              {
                "address_prefix": "10.0.1.0/24",
                "id": "/subscriptions/f01c6899-bd3a-482f-b11b-94e6500c82e7/resourceGroups/DemoRG-1/providers/Microsoft.Network/virtualNetworks/vnet-1/subnets/subnet1",
                "name": "subnet1",
                "security_group": ""
              },
              {
                "address_prefix": "10.0.2.0/24",
                "id": "/subscriptions/f01c6899-bd3a-482f-b11b-94e6500c82e7/resourceGroups/DemoRG-1/providers/Microsoft.Network/virtualNetworks/vnet-1/subnets/subnet2",
                "name": "subnet2",
                "security_group": ""
              }
            ],
            "tags": null,
            "timeouts": null
          },
          "sensitive_attributes": [],
          "private": "eyJlMmJmYjczMC1lY2FhLTExZTYtOGY4OC0zNDM2M2JjN2M0YzAiOnsiY3JlYXRlIjoxODAwMDAwMDAwMDAwLCJkZWxldGUiOjE4MDAwMDAwMDAwMDAsInJlYWQiOjMwMDAwMDAwMDAwMCwidXBkYXRlIjoxODAwMDAwMDAwMDAwfX0="
        }
      ]
    }
  ],
  "check_results": null
}
